PODS:
  - Flutter (1.0.0)
  - opus_flutter_ios (3.0.1):
    - Flutter

DEPENDENCIES:
  - Flutter (from `Flutter`)
  - opus_flutter_ios (from `.symlinks/plugins/opus_flutter_ios/ios`)

EXTERNAL SOURCES:
  Flutter:
    :path: Flutter
  opus_flutter_ios:
    :path: ".symlinks/plugins/opus_flutter_ios/ios"

SPEC CHECKSUMS:
  Flutter: cabc95a1d2626b1b06e7179b784ebcf0c0cde467
  opus_flutter_ios: 546d485adaebfeee25240a892897b78e440ef846

PODFILE CHECKSUM: 3c63482e143d1b91d2d2560aee9fb04ecc74ac7e

COCOAPODS: 1.16.2
